Microsoft Visual Studio Solution File, Format Version 11.00
# Visual Studio 2008

Project("{88F15977-3A43-AB51-BF77-522258F054E8}") = "Time Wizard Unity Presentation", "Assembly-CSharp-firstpass.csproj", "{2CF27F75-2E4C-ED53-8C41-B00539558851}"
EndProject
Project("{88F15977-3A43-AB51-BF77-522258F054E8}") = "Time Wizard Unity Presentation", "Assembly-CSharp.csproj", "{F622798C-6946-F33D-AD01-F9AA66D303DF}"
EndProject
Project("{88F15977-3A43-AB51-BF77-522258F054E8}") = "Time Wizard Unity Presentation", "Assembly-UnityScript-firstpass.unityproj", "{C88222D5-E5F2-EA69-04B5-A790F8B4BFB4}"
EndProject
Project("{88F15977-3A43-AB51-BF77-522258F054E8}") = "Time Wizard Unity Presentation", "Assembly-UnityScript.unityproj", "{FA65C554-F2CB-643A-C373-E5A9C24B637F}"
EndProject
Global
	GlobalSection(SolutionConfigurationPlatforms) = preSolution
		Debug|Any CPU = Debug|Any CPU
		Release|Any CPU = Release|Any CPU
	EndGlobalSection
	GlobalSection(ProjectConfigurationPlatforms) = postSolution
		{2CF27F75-2E4C-ED53-8C41-B00539558851}.Debug|Any CPU.ActiveCfg = Debug|Any CPU
		{2CF27F75-2E4C-ED53-8C41-B00539558851}.Debug|Any CPU.Build.0 = Debug|Any CPU
		{2CF27F75-2E4C-ED53-8C41-B00539558851}.Release|Any CPU.ActiveCfg = Release|Any CPU
		{2CF27F75-2E4C-ED53-8C41-B00539558851}.Release|Any CPU.Build.0 = Release|Any CPU
		{F622798C-6946-F33D-AD01-F9AA66D303DF}.Debug|Any CPU.ActiveCfg = Debug|Any CPU
		{F622798C-6946-F33D-AD01-F9AA66D303DF}.Debug|Any CPU.Build.0 = Debug|Any CPU
		{F622798C-6946-F33D-AD01-F9AA66D303DF}.Release|Any CPU.ActiveCfg = Release|Any CPU
		{F622798C-6946-F33D-AD01-F9AA66D303DF}.Release|Any CPU.Build.0 = Release|Any CPU
		{C88222D5-E5F2-EA69-04B5-A790F8B4BFB4}.Debug|Any CPU.ActiveCfg = Debug|Any CPU
		{C88222D5-E5F2-EA69-04B5-A790F8B4BFB4}.Debug|Any CPU.Build.0 = Debug|Any CPU
		{C88222D5-E5F2-EA69-04B5-A790F8B4BFB4}.Release|Any CPU.ActiveCfg = Release|Any CPU
		{C88222D5-E5F2-EA69-04B5-A790F8B4BFB4}.Release|Any CPU.Build.0 = Release|Any CPU
		{FA65C554-F2CB-643A-C373-E5A9C24B637F}.Debug|Any CPU.ActiveCfg = Debug|Any CPU
		{FA65C554-F2CB-643A-C373-E5A9C24B637F}.Debug|Any CPU.Build.0 = Debug|Any CPU
		{FA65C554-F2CB-643A-C373-E5A9C24B637F}.Release|Any CPU.ActiveCfg = Release|Any CPU
		{FA65C554-F2CB-643A-C373-E5A9C24B637F}.Release|Any CPU.Build.0 = Release|Any CPU
	EndGlobalSection
	GlobalSection(SolutionProperties) = preSolution
		HideSolutionNode = FALSE
	EndGlobalSection
					GlobalSection(MonoDevelopProperties) = preSolution
		StartupItem = Assembly-CSharp.csproj
		Policies = $0
		$0.TextStylePolicy = $1
		$1.inheritsSet = null
		$1.scope = text/x-csharp
		$0.CSharpFormattingPolicy = $2
		$2.inheritsSet = Mono
		$2.inheritsScope = text/x-csharp
		$2.scope = text/x-csharp
		$0.TextStylePolicy = $3
		$3.FileWidth = 120
		$3.TabWidth = 4
		$3.IndentWidth = 4
		$3.EolMarker = Unix
		$3.inheritsSet = Mono
		$3.inheritsScope = text/plain
		$3.scope = text/plain
	EndGlobalSection

EndGlobal
