Microsoft Visual Studio Solution File, Format Version 11.00
# Visual Studio 2008

Project("{2B2B74D2-5E1E-ACC9-B781-B79C0BB9B2D5}") = "Time Wizard Unity PROTO", "Assembly-CSharp-firstpass.csproj", "{31174FA7-320B-2937-868C-608B7B426410}"
EndProject
Project("{2B2B74D2-5E1E-ACC9-B781-B79C0BB9B2D5}") = "Time Wizard Unity PROTO", "Assembly-CSharp.csproj", "{192D790F-E29E-C473-6FE8-AE7988AAA885}"
EndProject
Project("{2B2B74D2-5E1E-ACC9-B781-B79C0BB9B2D5}") = "Time Wizard Unity PROTO", "Assembly-UnityScript-firstpass.unityproj", "{0FC99BD3-09DD-4F4C-71AC-014C1267DF0E}"
EndProject
Project("{2B2B74D2-5E1E-ACC9-B781-B79C0BB9B2D5}") = "Time Wizard Unity PROTO", "Assembly-UnityScript.unityproj", "{B42CA365-8DBF-65D6-CE1A-8795F1168AAE}"
EndProject
Global
	GlobalSection(SolutionConfigurationPlatforms) = preSolution
		Debug|Any CPU = Debug|Any CPU
		Release|Any CPU = Release|Any CPU
	EndGlobalSection
	GlobalSection(ProjectConfigurationPlatforms) = postSolution
		{31174FA7-320B-2937-868C-608B7B426410}.Debug|Any CPU.ActiveCfg = Debug|Any CPU
		{31174FA7-320B-2937-868C-608B7B426410}.Debug|Any CPU.Build.0 = Debug|Any CPU
		{31174FA7-320B-2937-868C-608B7B426410}.Release|Any CPU.ActiveCfg = Release|Any CPU
		{31174FA7-320B-2937-868C-608B7B426410}.Release|Any CPU.Build.0 = Release|Any CPU
		{192D790F-E29E-C473-6FE8-AE7988AAA885}.Debug|Any CPU.ActiveCfg = Debug|Any CPU
		{192D790F-E29E-C473-6FE8-AE7988AAA885}.Debug|Any CPU.Build.0 = Debug|Any CPU
		{192D790F-E29E-C473-6FE8-AE7988AAA885}.Release|Any CPU.ActiveCfg = Release|Any CPU
		{192D790F-E29E-C473-6FE8-AE7988AAA885}.Release|Any CPU.Build.0 = Release|Any CPU
		{0FC99BD3-09DD-4F4C-71AC-014C1267DF0E}.Debug|Any CPU.ActiveCfg = Debug|Any CPU
		{0FC99BD3-09DD-4F4C-71AC-014C1267DF0E}.Debug|Any CPU.Build.0 = Debug|Any CPU
		{0FC99BD3-09DD-4F4C-71AC-014C1267DF0E}.Release|Any CPU.ActiveCfg = Release|Any CPU
		{0FC99BD3-09DD-4F4C-71AC-014C1267DF0E}.Release|Any CPU.Build.0 = Release|Any CPU
		{B42CA365-8DBF-65D6-CE1A-8795F1168AAE}.Debug|Any CPU.ActiveCfg = Debug|Any CPU
		{B42CA365-8DBF-65D6-CE1A-8795F1168AAE}.Debug|Any CPU.Build.0 = Debug|Any CPU
		{B42CA365-8DBF-65D6-CE1A-8795F1168AAE}.Release|Any CPU.ActiveCfg = Release|Any CPU
		{B42CA365-8DBF-65D6-CE1A-8795F1168AAE}.Release|Any CPU.Build.0 = Release|Any CPU
	EndGlobalSection
	GlobalSection(SolutionProperties) = preSolution
		HideSolutionNode = FALSE
	EndGlobalSection
																																	GlobalSection(MonoDevelopProperties) = preSolution
		StartupItem = Assembly-CSharp.csproj
		Policies = $0
		$0.TextStylePolicy = $1
		$1.inheritsSet = null
		$1.scope = text/x-csharp
		$0.CSharpFormattingPolicy = $2
		$2.inheritsSet = Mono
		$2.inheritsScope = text/x-csharp
		$2.scope = text/x-csharp
		$0.TextStylePolicy = $3
		$3.FileWidth = 120
		$3.TabWidth = 4
		$3.EolMarker = Unix
		$3.inheritsSet = Mono
		$3.inheritsScope = text/plain
		$3.scope = text/plain
	EndGlobalSection

EndGlobal
