Microsoft Visual Studio Solution File, Format Version 11.00
# Visual Studio 2008

Project("{E77C3DCD-E2AB-E828-774C-E4A77C2CBC12}") = "Week 12 Pres", "Assembly-CSharp-firstpass.csproj", "{A1095026-3E2B-9932-0B8A-9EB1FE222406}"
EndProject
Project("{E77C3DCD-E2AB-E828-774C-E4A77C2CBC12}") = "Week 12 Pres", "Assembly-CSharp.csproj", "{372BBE18-FD33-501A-7BBB-32A920229115}"
EndProject
Project("{E77C3DCD-E2AB-E828-774C-E4A77C2CBC12}") = "Week 12 Pres", "Assembly-UnityScript-firstpass.unityproj", "{FC6F5F78-12FB-317B-2450-B7CFD2F5DA2E}"
EndProject
Project("{E77C3DCD-E2AB-E828-774C-E4A77C2CBC12}") = "Week 12 Pres", "Assembly-UnityScript.unityproj", "{FA523988-C878-9E68-EEA7-6931DDB941FA}"
EndProject
Global
	GlobalSection(SolutionConfigurationPlatforms) = preSolution
		Debug|Any CPU = Debug|Any CPU
		Release|Any CPU = Release|Any CPU
	EndGlobalSection
	GlobalSection(ProjectConfigurationPlatforms) = postSolution
		{A1095026-3E2B-9932-0B8A-9EB1FE222406}.Debug|Any CPU.ActiveCfg = Debug|Any CPU
		{A1095026-3E2B-9932-0B8A-9EB1FE222406}.Debug|Any CPU.Build.0 = Debug|Any CPU
		{A1095026-3E2B-9932-0B8A-9EB1FE222406}.Release|Any CPU.ActiveCfg = Release|Any CPU
		{A1095026-3E2B-9932-0B8A-9EB1FE222406}.Release|Any CPU.Build.0 = Release|Any CPU
		{372BBE18-FD33-501A-7BBB-32A920229115}.Debug|Any CPU.ActiveCfg = Debug|Any CPU
		{372BBE18-FD33-501A-7BBB-32A920229115}.Debug|Any CPU.Build.0 = Debug|Any CPU
		{372BBE18-FD33-501A-7BBB-32A920229115}.Release|Any CPU.ActiveCfg = Release|Any CPU
		{372BBE18-FD33-501A-7BBB-32A920229115}.Release|Any CPU.Build.0 = Release|Any CPU
		{FC6F5F78-12FB-317B-2450-B7CFD2F5DA2E}.Debug|Any CPU.ActiveCfg = Debug|Any CPU
		{FC6F5F78-12FB-317B-2450-B7CFD2F5DA2E}.Debug|Any CPU.Build.0 = Debug|Any CPU
		{FC6F5F78-12FB-317B-2450-B7CFD2F5DA2E}.Release|Any CPU.ActiveCfg = Release|Any CPU
		{FC6F5F78-12FB-317B-2450-B7CFD2F5DA2E}.Release|Any CPU.Build.0 = Release|Any CPU
		{FA523988-C878-9E68-EEA7-6931DDB941FA}.Debug|Any CPU.ActiveCfg = Debug|Any CPU
		{FA523988-C878-9E68-EEA7-6931DDB941FA}.Debug|Any CPU.Build.0 = Debug|Any CPU
		{FA523988-C878-9E68-EEA7-6931DDB941FA}.Release|Any CPU.ActiveCfg = Release|Any CPU
		{FA523988-C878-9E68-EEA7-6931DDB941FA}.Release|Any CPU.Build.0 = Release|Any CPU
	EndGlobalSection
	GlobalSection(SolutionProperties) = preSolution
		HideSolutionNode = FALSE
	EndGlobalSection
				GlobalSection(MonoDevelopProperties) = preSolution
		StartupItem = Assembly-CSharp.csproj
		Policies = $0
		$0.TextStylePolicy = $1
		$1.inheritsSet = null
		$1.scope = text/x-csharp
		$0.CSharpFormattingPolicy = $2
		$2.inheritsSet = Mono
		$2.inheritsScope = text/x-csharp
		$2.scope = text/x-csharp
		$0.TextStylePolicy = $3
		$3.FileWidth = 120
		$3.TabWidth = 4
		$3.IndentWidth = 4
		$3.EolMarker = Unix
		$3.inheritsSet = Mono
		$3.inheritsScope = text/plain
		$3.scope = text/plain
	EndGlobalSection

EndGlobal
